dependencies:
  espressif/cJSON:
    component_hash: e788323270d90738662d66fffa910bfe1fba019bba087f01557e70c40485b469
    dependencies:
    - name: idf
      require: private
      version: '>=5.0'
    source:
      registry_url: https://components.espressif.com/
      type: service
    version: 1.7.19~2
  idf:
    source:
      type: idf
    version: 6.0.0
direct_dependencies:
- espressif/cJSON
manifest_hash: c516e94bf93477d5c2d1a9c222d8c684a3f37ed0eed9378e6b23bbb48705d33e
target: esp32s3
version: 2.0.0
